{
  "version": 4,
  "terraform_version": "1.10.3",
  "serial": 157,
  "lineage": "de54bb84-4492-1ade-f23f-f748e6572432",
  "outputs": {},
  "resources": [
    {
      "mode": "managed",
      "type": "azurerm_mssql_server",
      "name": "sql",
      "provider": "provider[\"registry.terraform.io/hashicorp/azurerm\"]",
      "instances": [
        {
          "status": "tainted",
          "schema_version": 0,
          "attributes": {
            "administrator_login": "sqladmin",
            "administrator_login_password": "Testmdp1!",
            "azuread_administrator": [],
            "connection_policy": "Default",
            "fully_qualified_domain_name": null,
            "id": "/subscriptions/ca753a19-5893-402b-9913-618a3af09d86/resourceGroups/fitness-tracker-rg/providers/Microsoft.Sql/servers/fitness-sql-001",
            "identity": [],
            "location": "eastus2",
            "minimum_tls_version": "1.2",
            "name": "fitness-sql-001",
            "outbound_network_restriction_enabled": false,
            "primary_user_assigned_identity_id": null,
            "public_network_access_enabled": true,
            "resource_group_name": "fitness-tracker-rg",
            "restorable_dropped_database_ids": null,
            "tags": null,
            "timeouts": null,
            "transparent_data_encryption_key_vault_key_id": null,
            "version": "12.0"
          },
          "sensitive_attributes": [
            [
              {
                "type": "get_attr",
                "value": "administrator_login_password"
              }
            ]
          ],
          "private": "eyJlMmJmYjczMC1lY2FhLTExZTYtOGY4OC0zNDM2M2JjN2M0YzAiOnsiY3JlYXRlIjozNjAwMDAwMDAwMDAwLCJkZWxldGUiOjM2MDAwMDAwMDAwMDAsInJlYWQiOjMwMDAwMDAwMDAwMCwidXBkYXRlIjozNjAwMDAwMDAwMDAwfX0=",
          "dependencies": [
            "azurerm_resource_group.rg"
          ]
        }
      ]
    },
    {
      "mode": "managed",
      "type": "azurerm_resource_group",
      "name": "rg",
      "provider": "provider[\"registry.terraform.io/hashicorp/azurerm\"]",
      "instances": [
        {
          "schema_version": 0,
          "attributes": {
            "id": "/subscriptions/ca753a19-5893-402b-9913-618a3af09d86/resourceGroups/fitness-tracker-rg",
            "location": "eastus2",
            "managed_by": "",
            "name": "fitness-tracker-rg",
            "tags": {},
            "timeouts": null
          },
          "sensitive_attributes": [],
          "private": "eyJlMmJmYjczMC1lY2FhLTExZTYtOGY4OC0zNDM2M2JjN2M0YzAiOnsiY3JlYXRlIjo1NDAwMDAwMDAwMDAwLCJkZWxldGUiOjU0MDAwMDAwMDAwMDAsInJlYWQiOjMwMDAwMDAwMDAwMCwidXBkYXRlIjo1NDAwMDAwMDAwMDAwfX0="
        }
      ]
    }
  ],
  "check_results": null
}
